
Microsoft Visual Studio Solution File, Format Version 12.00
# Visual Studio Version 17
VisualStudioVersion = 17.9.34728.123
MinimumVisualStudioVersion = 10.0.40219.1
Project("{9A19103F-16F7-4668-BE54-9A1E7A4F7556}") = "IocContainer", "IocContainer.csproj", "{8385D7DC-1EA1-4708-AEA4-05A9CE5CF310}"
EndProject
Project("{FAE04EC0-301F-11D3-BF4B-00C04F79EFBC}") = "IocContainerTest", "..\IocContainerTest\IocContainerTest.csproj", "{F7D7B83A-023F-447E-8AA5-C51DED762713}"
EndProject
Global
	GlobalSection(SolutionConfigurationPlatforms) = preSolution
		Debug|Any CPU = Debug|Any CPU
		Release|Any CPU = Release|Any CPU
	EndGlobalSection
	GlobalSection(ProjectConfigurationPlatforms) = postSolution
		{8385D7DC-1EA1-4708-AEA4-05A9CE5CF310}.Debug|Any CPU.ActiveCfg = Debug|Any CPU
		{8385D7DC-1EA1-4708-AEA4-05A9CE5CF310}.Debug|Any CPU.Build.0 = Debug|Any CPU
		{8385D7DC-1EA1-4708-AEA4-05A9CE5CF310}.Release|Any CPU.ActiveCfg = Release|Any CPU
		{8385D7DC-1EA1-4708-AEA4-05A9CE5CF310}.Release|Any CPU.Build.0 = Release|Any CPU
		{F7D7B83A-023F-447E-8AA5-C51DED762713}.Debug|Any CPU.ActiveCfg = Debug|Any CPU
		{F7D7B83A-023F-447E-8AA5-C51DED762713}.Debug|Any CPU.Build.0 = Debug|Any CPU
		{F7D7B83A-023F-447E-8AA5-C51DED762713}.Release|Any CPU.ActiveCfg = Release|Any CPU
		{F7D7B83A-023F-447E-8AA5-C51DED762713}.Release|Any CPU.Build.0 = Release|Any CPU
	EndGlobalSection
	GlobalSection(SolutionProperties) = preSolution
		HideSolutionNode = FALSE
	EndGlobalSection
EndGlobal
